{
  "name": "message-ramdom-string",
  "version": "1.0.0",
  "lockfileVersion": 3,
  "requires": true,
  "packages": {
    "": {
      "name": "message-ramdom-string",
      "version": "1.0.0",
      "license": "MIT",
      "bin": {
        "message-ramdom-string": "bin/global.js"
      }
    }
  }
}
